codeberg.org/go-pdf/fpdf v0.11.1 h1:U8+coOTDVLxHIXZgGvkfQEi/q0hYHYvEHFuGNX2GzGs=
codeberg.org/go-pdf/fpdf v0.11.1/go.mod h1:Y0DGRAdZ0OmnZPvjbMp/1bYxmIPxm0ws4tfoPOc4LjU=
github.com/sfomuseum/go-font-ocra v0.0.2 h1:XwjquflF8YKajZlDh6/h0Rb/svX6Q+DoaZT11e6pYts=
github.com/sfomuseum/go-font-ocra v0.0.2/go.mod h1:/xLmsSdTUdYdDS0rjBya6REWojyGCzB2D94aznIQn+w=
github.com/whosonfirst/go-bindata-assetfs v1.0.1 h1:AA328GrND8/uDkf5+5U9Fakgr7QkzET/a6uuXDYpQp0=
github.com/whosonfirst/go-bindata-assetfs v1.0.1/go.mod h1:ZCQnq9roYYk19IAwLQyMnDPSmE+lns9K85+85JSQ4DI=
